
Microsoft Visual Studio Solution File, Format Version 12.00
# Visual Studio Version 16
VisualStudioVersion = 16.0.28803.352
MinimumVisualStudioVersion = 10.0.40219.1
Project("{FAE04EC0-301F-11D3-BF4B-00C04F79EFBC}") = "WebApplicationHW5", "WebApplicationHW5\WebApplicationHW5.csproj", "{24882DC8-12DF-47D1-A4D3-B41989BBB427}"
EndProject
Global
	GlobalSection(SolutionConfigurationPlatforms) = preSolution
		Debug|Any CPU = Debug|Any CPU
		Release|Any CPU = Release|Any CPU
	EndGlobalSection
	GlobalSection(ProjectConfigurationPlatforms) = postSolution
		{24882DC8-12DF-47D1-A4D3-B41989BBB427}.Debug|Any CPU.ActiveCfg = Debug|Any CPU
		{24882DC8-12DF-47D1-A4D3-B41989BBB427}.Debug|Any CPU.Build.0 = Debug|Any CPU
		{24882DC8-12DF-47D1-A4D3-B41989BBB427}.Release|Any CPU.ActiveCfg = Release|Any CPU
		{24882DC8-12DF-47D1-A4D3-B41989BBB427}.Release|Any CPU.Build.0 = Release|Any CPU
	EndGlobalSection
	GlobalSection(SolutionProperties) = preSolution
		HideSolutionNode = FALSE
	EndGlobalSection
	GlobalSection(ExtensibilityGlobals) = postSolution
		SolutionGuid = {693B1563-07F5-4659-A177-28C3FEB84F5B}
	EndGlobalSection
EndGlobal
