
Microsoft Visual Studio Solution File, Format Version 12.00
# Visual Studio Version 16
VisualStudioVersion = 16.0.29519.87
MinimumVisualStudioVersion = 10.0.40219.1
Project("{FAE04EC0-301F-11D3-BF4B-00C04F79EFBC}") = "WebApplicationHW8", "WebApplicationHW8\WebApplicationHW8.csproj", "{97E33C2F-C97C-406E-8A9F-D2C78F693231}"
EndProject
Global
	GlobalSection(SolutionConfigurationPlatforms) = preSolution
		Debug|Any CPU = Debug|Any CPU
		Release|Any CPU = Release|Any CPU
	EndGlobalSection
	GlobalSection(ProjectConfigurationPlatforms) = postSolution
		{97E33C2F-C97C-406E-8A9F-D2C78F693231}.Debug|Any CPU.ActiveCfg = Debug|Any CPU
		{97E33C2F-C97C-406E-8A9F-D2C78F693231}.Debug|Any CPU.Build.0 = Debug|Any CPU
		{97E33C2F-C97C-406E-8A9F-D2C78F693231}.Release|Any CPU.ActiveCfg = Release|Any CPU
		{97E33C2F-C97C-406E-8A9F-D2C78F693231}.Release|Any CPU.Build.0 = Release|Any CPU
	EndGlobalSection
	GlobalSection(SolutionProperties) = preSolution
		HideSolutionNode = FALSE
	EndGlobalSection
	GlobalSection(ExtensibilityGlobals) = postSolution
		SolutionGuid = {1DC3973E-B5E0-4481-AF2E-0B81D4956E23}
	EndGlobalSection
EndGlobal
