
Microsoft Visual Studio Solution File, Format Version 12.00
# Visual Studio Version 16
VisualStudioVersion = 16.0.28803.352
MinimumVisualStudioVersion = 10.0.40219.1
Project("{FAE04EC0-301F-11D3-BF4B-00C04F79EFBC}") = "LandingPageHW", "LandingPageHW\LandingPageHW.csproj", "{7DEBAB46-77C5-4A66-A8A2-E4BC374EEBBA}"
EndProject
Global
	GlobalSection(SolutionConfigurationPlatforms) = preSolution
		Debug|Any CPU = Debug|Any CPU
		Release|Any CPU = Release|Any CPU
	EndGlobalSection
	GlobalSection(ProjectConfigurationPlatforms) = postSolution
		{7DEBAB46-77C5-4A66-A8A2-E4BC374EEBBA}.Debug|Any CPU.ActiveCfg = Debug|Any CPU
		{7DEBAB46-77C5-4A66-A8A2-E4BC374EEBBA}.Debug|Any CPU.Build.0 = Debug|Any CPU
		{7DEBAB46-77C5-4A66-A8A2-E4BC374EEBBA}.Release|Any CPU.ActiveCfg = Release|Any CPU
		{7DEBAB46-77C5-4A66-A8A2-E4BC374EEBBA}.Release|Any CPU.Build.0 = Release|Any CPU
	EndGlobalSection
	GlobalSection(SolutionProperties) = preSolution
		HideSolutionNode = FALSE
	EndGlobalSection
	GlobalSection(ExtensibilityGlobals) = postSolution
		SolutionGuid = {92C16AA8-C069-47F5-8F50-9CDDAAF2F62F}
	EndGlobalSection
EndGlobal
